{
  "nodes": {
    "gcipher": {
      "flake": false,
      "locked": {
        "narHash": "sha256-7QDCKEUWSXhKVD3EPA1VR5K5GdXBj8eNxZOGO9Mm7r0=",
        "type": "tarball",
        "url": "https://sourceforge.net/projects/gcipher/files/gcipher/1.1/gcipher-1.1.tar.gz"
      },
      "original": {
        "type": "tarball",
        "url": "https://sourceforge.net/projects/gcipher/files/gcipher/1.1/gcipher-1.1.tar.gz"
      }
    },
    "nixpkgs": {
      "locked": {
        "lastModified": 1644486793,
        "narHash": "sha256-EeijR4guVHgVv+JpOX3cQO+1XdrkJfGmiJ9XVsVU530=",
        "owner": "NixOS",
        "repo": "nixpkgs",
        "rev": "1882c6b7368fd284ad01b0a5b5601ef136321292",
        "type": "github"
      },
      "original": {
        "id": "nixpkgs",
        "type": "indirect"
      }
    },
    "root": {
      "inputs": {
        "gcipher": "gcipher",
        "nixpkgs": "nixpkgs"
      }
    }
  },
  "root": "root",
  "version": 7
}
